// !$*UTF8*$!
{
	archiveVersion = 1;
	classes = {
	};
	objectVersion = 46;
	objects = {

/* Begin PBXBuildFile section */
		CBF6D7601A8CCAD800C6466A /* main.m in Sources */ = {isa = PBXBuildFile; fileRef = CBF6D75F1A8CCAD800C6466A /* main.m */; };
		CBF6D7631A8CCAD800C6466A /* AppDelegate.m in Sources */ = {isa = PBXBuildFile; fileRef = CBF6D7621A8CCAD800C6466A /* AppDelegate.m */; };
		CBF6D7691A8CCAD800C6466A /* Main.storyboard in Resources */ = {isa = PBXBuildFile; fileRef = CBF6D7671A8CCAD800C6466A /* Main.storyboard */; };
		CBF6D76B1A8CCAD800C6466A /* Images.xcassets in Resources */ = {isa = PBXBuildFile; fileRef = CBF6D76A1A8CCAD800C6466A /* Images.xcassets */; };
		CBF6D76E1A8CCAD800C6466A /* LaunchScreen.xib in Resources */ = {isa = PBXBuildFile; fileRef = CBF6D76C1A8CCAD800C6466A /* LaunchScreen.xib */; };
		CBF6D77A1A8CCAD900C6466A /* ToDoListTests.m in Sources */ = {isa = PBXBuildFile; fileRef = CBF6D7791A8CCAD900C6466A /* ToDoListTests.m */; };
		CBF6D7851A8CDAFF00C6466A /* AddToDoItemViewController.m in Sources */ = {isa = PBXBuildFile; fileRef = CBF6D7841A8CDAFF00C6466A /* AddToDoItemViewController.m */; };
		CBF6D7881A8CDBC000C6466A /* ToDoListTableViewController.m in Sources */ = {isa = PBXBuildFile; fileRef = CBF6D7871A8CDBC000C6466A /* ToDoListTableViewController.m */; };
		CBF6D78B1A8CE56900C6466A /* ToDoItem.m in Sources */ = {isa = PBXBuildFile; fileRef = CBF6D78A1A8CE56900C6466A /* ToDoItem.m */; };
/* End PBXBuildFile section */

/* Begin PBXContainerItemProxy section */
		CBF6D7741A8CCAD900C6466A /* PBXContainerItemProxy */ = {
			isa = PBXContainerItemProxy;
			containerPortal = CBF6D7521A8CCAD800C6466A /* Project object */;
			proxyType = 1;
			remoteGlobalIDString = CBF6D7591A8CCAD800C6466A;
			remoteInfo = ToDoList;
		};
/* End PBXContainerItemProxy section */

/* Begin PBXFileReference section */
		CBF6D75A1A8CCAD800C6466A /* ToDoList.app */ = {isa = PBXFileReference; explicitFileType = wrapper.application; includeInIndex = 0; path = ToDoList.app; sourceTree = BUILT_PRODUCTS_DIR; };
		CBF6D75E1A8CCAD800C6466A /* Info.plist */ = {isa = PBXFileReference; lastKnownFileType = text.plist.xml; path = Info.plist; sourceTree = "<group>"; };
		CBF6D75F1A8CCAD800C6466A /* main.m */ = {isa = PBXFileReference; lastKnownFileType = sourcecode.c.objc; path = main.m; sourceTree = "<group>"; };
		CBF6D7611A8CCAD800C6466A /* AppDelegate.h */ = {isa = PBXFileReference; lastKnownFileType = sourcecode.c.h; path = AppDelegate.h; sourceTree = "<group>"; };
		CBF6D7621A8CCAD800C6466A /* AppDelegate.m */ = {isa = PBXFileReference; lastKnownFileType = sourcecode.c.objc; path = AppDelegate.m; sourceTree = "<group>"; };
		CBF6D7681A8CCAD800C6466A /* Base */ = {isa = PBXFileReference; lastKnownFileType = file.storyboard; name = Base; path = Base.lproj/Main.storyboard; sourceTree = "<group>"; };
		CBF6D76A1A8CCAD800C6466A /* Images.xcassets */ = {isa = PBXFileReference; lastKnownFileType = folder.assetcatalog; path = Images.xcassets; sourceTree = "<group>"; };
		CBF6D76D1A8CCAD800C6466A /* Base */ = {isa = PBXFileReference; lastKnownFileType = file.xib; name = Base; path = Base.lproj/LaunchScreen.xib; sourceTree = "<group>"; };
		CBF6D7731A8CCAD900C6466A /* ToDoListTests.xctest */ = {isa = PBXFileReference; explicitFileType = wrapper.cfbundle; includeInIndex = 0; path = ToDoListTests.xctest; sourceTree = BUILT_PRODUCTS_DIR; };
		CBF6D7781A8CCAD900C6466A /* Info.plist */ = {isa = PBXFileReference; lastKnownFileType = text.plist.xml; path = Info.plist; sourceTree = "<group>"; };
		CBF6D7791A8CCAD900C6466A /* ToDoListTests.m */ = {isa = PBXFileReference; lastKnownFileType = sourcecode.c.objc; path = ToDoListTests.m; sourceTree = "<group>"; };
		CBF6D7831A8CDAFF00C6466A /* AddToDoItemViewController.h */ = {isa = PBXFileReference; fileEncoding = 4; lastKnownFileType = sourcecode.c.h; path = AddToDoItemViewController.h; sourceTree = "<group>"; };
		CBF6D7841A8CDAFF00C6466A /* AddToDoItemViewController.m */ = {isa = PBXFileReference; fileEncoding = 4; lastKnownFileType = sourcecode.c.objc; path = AddToDoItemViewController.m; sourceTree = "<group>"; };
		CBF6D7861A8CDBC000C6466A /* ToDoListTableViewController.h */ = {isa = PBXFileReference; fileEncoding = 4; lastKnownFileType = sourcecode.c.h; path = ToDoListTableViewController.h; sourceTree = "<group>"; };
		CBF6D7871A8CDBC000C6466A /* ToDoListTableViewController.m */ = {isa = PBXFileReference; fileEncoding = 4; lastKnownFileType = sourcecode.c.objc; path = ToDoListTableViewController.m; sourceTree = "<group>"; };
		CBF6D7891A8CE56900C6466A /* ToDoItem.h */ = {isa = PBXFileReference; fileEncoding = 4; lastKnownFileType = sourcecode.c.h; path = ToDoItem.h; sourceTree = "<group>"; };
		CBF6D78A1A8CE56900C6466A /* ToDoItem.m */ = {isa = PBXFileReference; fileEncoding = 4; lastKnownFileType = sourcecode.c.objc; path = ToDoItem.m; sourceTree = "<group>"; };
/* End PBXFileReference section */

/* Begin PBXFrameworksBuildPhase section */
		CBF6D7571A8CCAD800C6466A /* Frameworks */ = {
			isa = PBXFrameworksBuildPhase;
			buildActionMask = 2147483647;
			files = (
			);
			runOnlyForDeploymentPostprocessing = 0;
		};
		CBF6D7701A8CCAD900C6466A /* Frameworks */ = {
			isa = PBXFrameworksBuildPhase;
			buildActionMask = 2147483647;
			files = (
			);
			runOnlyForDeploymentPostprocessing = 0;
		};
/* End PBXFrameworksBuildPhase section */

/* Begin PBXGroup section */
		CBF6D7511A8CCAD800C6466A = {
			isa = PBXGroup;
			children = (
				CBF6D7831A8CDAFF00C6466A /* AddToDoItemViewController.h */,
				CBF6D7841A8CDAFF00C6466A /* AddToDoItemViewController.m */,
				CBF6D75C1A8CCAD800C6466A /* ToDoList */,
				CBF6D7761A8CCAD900C6466A /* ToDoListTests */,
				CBF6D75B1A8CCAD800C6466A /* Products */,
			);
			sourceTree = "<group>";
		};
		CBF6D75B1A8CCAD800C6466A /* Products */ = {
			isa = PBXGroup;
			children = (
				CBF6D75A1A8CCAD800C6466A /* ToDoList.app */,
				CBF6D7731A8CCAD900C6466A /* ToDoListTests.xctest */,
			);
			name = Products;
			sourceTree = "<group>";
		};
		CBF6D75C1A8CCAD800C6466A /* ToDoList */ = {
			isa = PBXGroup;
			children = (
				CBF6D7611A8CCAD800C6466A /* AppDelegate.h */,
				CBF6D7621A8CCAD800C6466A /* AppDelegate.m */,
				CBF6D7671A8CCAD800C6466A /* Main.storyboard */,
				CBF6D7861A8CDBC000C6466A /* ToDoListTableViewController.h */,
				CBF6D7871A8CDBC000C6466A /* ToDoListTableViewController.m */,
				CBF6D76A1A8CCAD800C6466A /* Images.xcassets */,
				CBF6D76C1A8CCAD800C6466A /* LaunchScreen.xib */,
				CBF6D75D1A8CCAD800C6466A /* Supporting Files */,
			);
			path = ToDoList;
			sourceTree = "<group>";
		};
		CBF6D75D1A8CCAD800C6466A /* Supporting Files */ = {
			isa = PBXGroup;
			children = (
				CBF6D75E1A8CCAD800C6466A /* Info.plist */,
				CBF6D75F1A8CCAD800C6466A /* main.m */,
				CBF6D7891A8CE56900C6466A /* ToDoItem.h */,
				CBF6D78A1A8CE56900C6466A /* ToDoItem.m */,
			);
			name = "Supporting Files";
			sourceTree = "<group>";
		};
		CBF6D7761A8CCAD900C6466A /* ToDoListTests */ = {
			isa = PBXGroup;
			children = (
				CBF6D7791A8CCAD900C6466A /* ToDoListTests.m */,
				CBF6D7771A8CCAD900C6466A /* Supporting Files */,
			);
			path = ToDoListTests;
			sourceTree = "<group>";
		};
		CBF6D7771A8CCAD900C6466A /* Supporting Files */ = {
			isa = PBXGroup;
			children = (
				CBF6D7781A8CCAD900C6466A /* Info.plist */,
			);
			name = "Supporting Files";
			sourceTree = "<group>";
		};
/* End PBXGroup section */

/* Begin PBXNativeTarget section */
		CBF6D7591A8CCAD800C6466A /* ToDoList */ = {
			isa = PBXNativeTarget;
			buildConfigurationList = CBF6D77D1A8CCAD900C6466A /* Build configuration list for PBXNativeTarget "ToDoList" */;
			buildPhases = (
				CBF6D7561A8CCAD800C6466A /* Sources */,
				CBF6D7571A8CCAD800C6466A /* Frameworks */,
				CBF6D7581A8CCAD800C6466A /* Resources */,
			);
			buildRules = (
			);
			dependencies = (
			);
			name = ToDoList;
			productName = ToDoList;
			productReference = CBF6D75A1A8CCAD800C6466A /* ToDoList.app */;
			productType = "com.apple.product-type.application";
		};
		CBF6D7721A8CCAD900C6466A /* ToDoListTests */ = {
			isa = PBXNativeTarget;
			buildConfigurationList = CBF6D7801A8CCAD900C6466A /* Build configuration list for PBXNativeTarget "ToDoListTests" */;
			buildPhases = (
				CBF6D76F1A8CCAD900C6466A /* Sources */,
				CBF6D7701A8CCAD900C6466A /* Frameworks */,
				CBF6D7711A8CCAD900C6466A /* Resources */,
			);
			buildRules = (
			);
			dependencies = (
				CBF6D7751A8CCAD900C6466A /* PBXTargetDependency */,
			);
			name = ToDoListTests;
			productName = ToDoListTests;
			productReference = CBF6D7731A8CCAD900C6466A /* ToDoListTests.xctest */;
			productType = "com.apple.product-type.bundle.unit-test";
		};
/* End PBXNativeTarget section */

/* Begin PBXProject section */
		CBF6D7521A8CCAD800C6466A /* Project object */ = {
			isa = PBXProject;
			attributes = {
				LastUpgradeCheck = 0610;
				ORGANIZATIONNAME = TnSoft;
				TargetAttributes = {
					CBF6D7591A8CCAD800C6466A = {
						CreatedOnToolsVersion = 6.1.1;
					};
					CBF6D7721A8CCAD900C6466A = {
						CreatedOnToolsVersion = 6.1.1;
						TestTargetID = CBF6D7591A8CCAD800C6466A;
					};
				};
			};
			buildConfigurationList = CBF6D7551A8CCAD800C6466A /* Build configuration list for PBXProject "ToDoList" */;
			compatibilityVersion = "Xcode 3.2";
			developmentRegion = English;
			hasScannedForEncodings = 0;
			knownRegions = (
				en,
				Base,
			);
			mainGroup = CBF6D7511A8CCAD800C6466A;
			productRefGroup = CBF6D75B1A8CCAD800C6466A /* Products */;
			projectDirPath = "";
			projectRoot = "";
			targets = (
				CBF6D7591A8CCAD800C6466A /* ToDoList */,
				CBF6D7721A8CCAD900C6466A /* ToDoListTests */,
			);
		};
/* End PBXProject section */

/* Begin PBXResourcesBuildPhase section */
		CBF6D7581A8CCAD800C6466A /* Resources */ = {
			isa = PBXResourcesBuildPhase;
			buildActionMask = 2147483647;
			files = (
				CBF6D7691A8CCAD800C6466A /* Main.storyboard in Resources */,
				CBF6D76E1A8CCAD800C6466A /* LaunchScreen.xib in Resources */,
				CBF6D76B1A8CCAD800C6466A /* Images.xcassets in Resources */,
			);
			runOnlyForDeploymentPostprocessing = 0;
		};
		CBF6D7711A8CCAD900C6466A /* Resources */ = {
			isa = PBXResourcesBuildPhase;
			buildActionMask = 2147483647;
			files = (
			);
			runOnlyForDeploymentPostprocessing = 0;
		};
/* End PBXResourcesBuildPhase section */

/* Begin PBXSourcesBuildPhase section */
		CBF6D7561A8CCAD800C6466A /* Sources */ = {
			isa = PBXSourcesBuildPhase;
			buildActionMask = 2147483647;
			files = (
				CBF6D7631A8CCAD800C6466A /* AppDelegate.m in Sources */,
				CBF6D78B1A8CE56900C6466A /* ToDoItem.m in Sources */,
				CBF6D7881A8CDBC000C6466A /* ToDoListTableViewController.m in Sources */,
				CBF6D7601A8CCAD800C6466A /* main.m in Sources */,
				CBF6D7851A8CDAFF00C6466A /* AddToDoItemViewController.m in Sources */,
			);
			runOnlyForDeploymentPostprocessing = 0;
		};
		CBF6D76F1A8CCAD900C6466A /* Sources */ = {
			isa = PBXSourcesBuildPhase;
			buildActionMask = 2147483647;
			files = (
				CBF6D77A1A8CCAD900C6466A /* ToDoListTests.m in Sources */,
			);
			runOnlyForDeploymentPostprocessing = 0;
		};
/* End PBXSourcesBuildPhase section */

/* Begin PBXTargetDependency section */
		CBF6D7751A8CCAD900C6466A /* PBXTargetDependency */ = {
			isa = PBXTargetDependency;
			target = CBF6D7591A8CCAD800C6466A /* ToDoList */;
			targetProxy = CBF6D7741A8CCAD900C6466A /* PBXContainerItemProxy */;
		};
/* End PBXTargetDependency section */

/* Begin PBXVariantGroup section */
		CBF6D7671A8CCAD800C6466A /* Main.storyboard */ = {
			isa = PBXVariantGroup;
			children = (
				CBF6D7681A8CCAD800C6466A /* Base */,
			);
			name = Main.storyboard;
			sourceTree = "<group>";
		};
		CBF6D76C1A8CCAD800C6466A /* LaunchScreen.xib */ = {
			isa = PBXVariantGroup;
			children = (
				CBF6D76D1A8CCAD800C6466A /* Base */,
			);
			name = LaunchScreen.xib;
			sourceTree = "<group>";
		};
/* End PBXVariantGroup section */

/* Begin XCBuildConfiguration section */
		CBF6D77B1A8CCAD900C6466A /* Debug */ = {
			isa = XCBuildConfiguration;
			buildSettings = {
				ALWAYS_SEARCH_USER_PATHS = NO;
				CLANG_CXX_LANGUAGE_STANDARD = "gnu++0x";
				CLANG_CXX_LIBRARY = "libc++";
				CLANG_ENABLE_MODULES = YES;
				CLANG_ENABLE_OBJC_ARC = YES;
				CLANG_WARN_BOOL_CONVERSION = YES;
				CLANG_WARN_CONSTANT_CONVERSION = YES;
				CLANG_WARN_DIRECT_OBJC_ISA_USAGE = YES_ERROR;
				CLANG_WARN_EMPTY_BODY = YES;
				CLANG_WARN_ENUM_CONVERSION = YES;
				CLANG_WARN_INT_CONVERSION = YES;
				CLANG_WARN_OBJC_ROOT_CLASS = YES_ERROR;
				CLANG_WARN_UNREACHABLE_CODE = YES;
				CLANG_WARN__DUPLICATE_METHOD_MATCH = YES;
				"CODE_SIGN_IDENTITY[sdk=iphoneos*]" = "iPhone Developer";
				COPY_PHASE_STRIP = NO;
				ENABLE_STRICT_OBJC_MSGSEND = YES;
				GCC_C_LANGUAGE_STANDARD = gnu99;
				GCC_DYNAMIC_NO_PIC = NO;
				GCC_OPTIMIZATION_LEVEL = 0;
				GCC_PREPROCESSOR_DEFINITIONS = (
					"DEBUG=1",
					"$(inherited)",
				);
				GCC_SYMBOLS_PRIVATE_EXTERN = NO;
				GCC_WARN_64_TO_32_BIT_CONVERSION = YES;
				GCC_WARN_ABOUT_RETURN_TYPE = YES_ERROR;
				GCC_WARN_UNDECLARED_SELECTOR = YES;
				GCC_WARN_UNINITIALIZED_AUTOS = YES_AGGRESSIVE;
				GCC_WARN_UNUSED_FUNCTION = YES;
				GCC_WARN_UNUSED_VARIABLE = YES;
				IPHONEOS_DEPLOYMENT_TARGET = 8.1;
				MTL_ENABLE_DEBUG_INFO = YES;
				ONLY_ACTIVE_ARCH = YES;
				SDKROOT = iphoneos;
				TARGETED_DEVICE_FAMILY = "1,2";
			};
			name = Debug;
		};
		CBF6D77C1A8CCAD900C6466A /* Release */ = {
			isa = XCBuildConfiguration;
			buildSettings = {
				ALWAYS_SEARCH_USER_PATHS = NO;
				CLANG_CXX_LANGUAGE_STANDARD = "gnu++0x";
				CLANG_CXX_LIBRARY = "libc++";
				CLANG_ENABLE_MODULES = YES;
				CLANG_ENABLE_OBJC_ARC = YES;
				CLANG_WARN_BOOL_CONVERSION = YES;
				CLANG_WARN_CONSTANT_CONVERSION = YES;
				CLANG_WARN_DIRECT_OBJC_ISA_USAGE = YES_ERROR;
				CLANG_WARN_EMPTY_BODY = YES;
				CLANG_WARN_ENUM_CONVERSION = YES;
				CLANG_WARN_INT_CONVERSION = YES;
				CLANG_WARN_OBJC_ROOT_CLASS = YES_ERROR;
				CLANG_WARN_UNREACHABLE_CODE = YES;
				CLANG_WARN__DUPLICATE_METHOD_MATCH = YES;
				"CODE_SIGN_IDENTITY[sdk=iphoneos*]" = "iPhone Developer";
				COPY_PHASE_STRIP = YES;
				ENABLE_NS_ASSERTIONS = NO;
				ENABLE_STRICT_OBJC_MSGSEND = YES;
				GCC_C_LANGUAGE_STANDARD = gnu99;
				GCC_WARN_64_TO_32_BIT_CONVERSION = YES;
				GCC_WARN_ABOUT_RETURN_TYPE = YES_ERROR;
				GCC_WARN_UNDECLARED_SELECTOR = YES;
				GCC_WARN_UNINITIALIZED_AUTOS = YES_AGGRESSIVE;
				GCC_WARN_UNUSED_FUNCTION = YES;
				GCC_WARN_UNUSED_VARIABLE = YES;
				IPHONEOS_DEPLOYMENT_TARGET = 8.1;
				MTL_ENABLE_DEBUG_INFO = NO;
				SDKROOT = iphoneos;
				TARGETED_DEVICE_FAMILY = "1,2";
				VALIDATE_PRODUCT = YES;
			};
			name = Release;
		};
		CBF6D77E1A8CCAD900C6466A /* Debug */ = {
			isa = XCBuildConfiguration;
			buildSettings = {
				ASSETCATALOG_COMPILER_APPICON_NAME = AppIcon;
				INFOPLIST_FILE = ToDoList/Info.plist;
				LD_RUNPATH_SEARCH_PATHS = "$(inherited) @executable_path/Frameworks";
				PRODUCT_NAME = "$(TARGET_NAME)";
			};
			name = Debug;
		};
		CBF6D77F1A8CCAD900C6466A /* Release */ = {
			isa = XCBuildConfiguration;
			buildSettings = {
				ASSETCATALOG_COMPILER_APPICON_NAME = AppIcon;
				INFOPLIST_FILE = ToDoList/Info.plist;
				LD_RUNPATH_SEARCH_PATHS = "$(inherited) @executable_path/Frameworks";
				PRODUCT_NAME = "$(TARGET_NAME)";
			};
			name = Release;
		};
		CBF6D7811A8CCAD900C6466A /* Debug */ = {
			isa = XCBuildConfiguration;
			buildSettings = {
				BUNDLE_LOADER = "$(TEST_HOST)";
				FRAMEWORK_SEARCH_PATHS = (
					"$(SDKROOT)/Developer/Library/Frameworks",
					"$(inherited)",
				);
				GCC_PREPROCESSOR_DEFINITIONS = (
					"DEBUG=1",
					"$(inherited)",
				);
				INFOPLIST_FILE = ToDoListTests/Info.plist;
				LD_RUNPATH_SEARCH_PATHS = "$(inherited) @executable_path/Frameworks @loader_path/Frameworks";
				PRODUCT_NAME = "$(TARGET_NAME)";
				TEST_HOST = "$(BUILT_PRODUCTS_DIR)/ToDoList.app/ToDoList";
			};
			name = Debug;
		};
		CBF6D7821A8CCAD900C6466A /* Release */ = {
			isa = XCBuildConfiguration;
			buildSettings = {
				BUNDLE_LOADER = "$(TEST_HOST)";
				FRAMEWORK_SEARCH_PATHS = (
					"$(SDKROOT)/Developer/Library/Frameworks",
					"$(inherited)",
				);
				INFOPLIST_FILE = ToDoListTests/Info.plist;
				LD_RUNPATH_SEARCH_PATHS = "$(inherited) @executable_path/Frameworks @loader_path/Frameworks";
				PRODUCT_NAME = "$(TARGET_NAME)";
				TEST_HOST = "$(BUILT_PRODUCTS_DIR)/ToDoList.app/ToDoList";
			};
			name = Release;
		};
/* End XCBuildConfiguration section */

/* Begin XCConfigurationList section */
		CBF6D7551A8CCAD800C6466A /* Build configuration list for PBXProject "ToDoList" */ = {
			isa = XCConfigurationList;
			buildConfigurations = (
				CBF6D77B1A8CCAD900C6466A /* Debug */,
				CBF6D77C1A8CCAD900C6466A /* Release */,
			);
			defaultConfigurationIsVisible = 0;
			defaultConfigurationName = Release;
		};
		CBF6D77D1A8CCAD900C6466A /* Build configuration list for PBXNativeTarget "ToDoList" */ = {
			isa = XCConfigurationList;
			buildConfigurations = (
				CBF6D77E1A8CCAD900C6466A /* Debug */,
				CBF6D77F1A8CCAD900C6466A /* Release */,
			);
			defaultConfigurationIsVisible = 0;
		};
		CBF6D7801A8CCAD900C6466A /* Build configuration list for PBXNativeTarget "ToDoListTests" */ = {
			isa = XCConfigurationList;
			buildConfigurations = (
				CBF6D7811A8CCAD900C6466A /* Debug */,
				CBF6D7821A8CCAD900C6466A /* Release */,
			);
			defaultConfigurationIsVisible = 0;
		};
/* End XCConfigurationList section */
	};
	rootObject = CBF6D7521A8CCAD800C6466A /* Project object */;
}
